
Microsoft Visual Studio Solution File, Format Version 12.00
# Visual Studio Version 17
VisualStudioVersion = 17.0.31903.59
MinimumVisualStudioVersion = 10.0.40219.1
Project("{2150E333-8FDC-42A3-9474-1A3956D46DE8}") = "src", "src", "{827E0CD3-B72D-47B6-A68D-7590B98EB39B}"
EndProject
Project("{FAE04EC0-301F-11D3-BF4B-00C04F79EFBC}") = "FlightOpsHub.Core", "src\FlightOpsHub.Core\FlightOpsHub.Core.csproj", "{D911552F-E3FF-47CE-BC95-BA219A56F675}"
EndProject
Project("{FAE04EC0-301F-11D3-BF4B-00C04F79EFBC}") = "FlightOpsHub.App", "src\FlightOpsHub.App\FlightOpsHub.App.csproj", "{32310839-566A-4B3E-BF55-5A417C91AB92}"
EndProject
Project("{2150E333-8FDC-42A3-9474-1A3956D46DE8}") = "tests", "tests", "{0AB3BF05-4346-4AA6-1389-037BE0695223}"
EndProject
Project("{FAE04EC0-301F-11D3-BF4B-00C04F79EFBC}") = "FlightOpsHub.Tests", "tests\FlightOpsHub.Tests\FlightOpsHub.Tests.csproj", "{C008166D-A7E4-4B84-84AA-23DAB50070CA}"
EndProject
Global
	GlobalSection(SolutionConfigurationPlatforms) = preSolution
		Debug|Any CPU = Debug|Any CPU
		Debug|x64 = Debug|x64
		Debug|x86 = Debug|x86
		Release|Any CPU = Release|Any CPU
		Release|x64 = Release|x64
		Release|x86 = Release|x86
	EndGlobalSection
	GlobalSection(ProjectConfigurationPlatforms) = postSolution
		{D911552F-E3FF-47CE-BC95-BA219A56F675}.Debug|Any CPU.ActiveCfg = Debug|Any CPU
		{D911552F-E3FF-47CE-BC95-BA219A56F675}.Debug|Any CPU.Build.0 = Debug|Any CPU
		{D911552F-E3FF-47CE-BC95-BA219A56F675}.Debug|x64.ActiveCfg = Debug|Any CPU
		{D911552F-E3FF-47CE-BC95-BA219A56F675}.Debug|x64.Build.0 = Debug|Any CPU
		{D911552F-E3FF-47CE-BC95-BA219A56F675}.Debug|x86.ActiveCfg = Debug|Any CPU
		{D911552F-E3FF-47CE-BC95-BA219A56F675}.Debug|x86.Build.0 = Debug|Any CPU
		{D911552F-E3FF-47CE-BC95-BA219A56F675}.Release|Any CPU.ActiveCfg = Release|Any CPU
		{D911552F-E3FF-47CE-BC95-BA219A56F675}.Release|Any CPU.Build.0 = Release|Any CPU
		{D911552F-E3FF-47CE-BC95-BA219A56F675}.Release|x64.ActiveCfg = Release|Any CPU
		{D911552F-E3FF-47CE-BC95-BA219A56F675}.Release|x64.Build.0 = Release|Any CPU
		{D911552F-E3FF-47CE-BC95-BA219A56F675}.Release|x86.ActiveCfg = Release|Any CPU
		{D911552F-E3FF-47CE-BC95-BA219A56F675}.Release|x86.Build.0 = Release|Any CPU
		{32310839-566A-4B3E-BF55-5A417C91AB92}.Debug|Any CPU.ActiveCfg = Debug|Any CPU
		{32310839-566A-4B3E-BF55-5A417C91AB92}.Debug|Any CPU.Build.0 = Debug|Any CPU
		{32310839-566A-4B3E-BF55-5A417C91AB92}.Debug|x64.ActiveCfg = Debug|Any CPU
		{32310839-566A-4B3E-BF55-5A417C91AB92}.Debug|x64.Build.0 = Debug|Any CPU
		{32310839-566A-4B3E-BF55-5A417C91AB92}.Debug|x86.ActiveCfg = Debug|Any CPU
		{32310839-566A-4B3E-BF55-5A417C91AB92}.Debug|x86.Build.0 = Debug|Any CPU
		{32310839-566A-4B3E-BF55-5A417C91AB92}.Release|Any CPU.ActiveCfg = Release|Any CPU
		{32310839-566A-4B3E-BF55-5A417C91AB92}.Release|Any CPU.Build.0 = Release|Any CPU
		{32310839-566A-4B3E-BF55-5A417C91AB92}.Release|x64.ActiveCfg = Release|Any CPU
		{32310839-566A-4B3E-BF55-5A417C91AB92}.Release|x64.Build.0 = Release|Any CPU
		{32310839-566A-4B3E-BF55-5A417C91AB92}.Release|x86.ActiveCfg = Release|Any CPU
		{32310839-566A-4B3E-BF55-5A417C91AB92}.Release|x86.Build.0 = Release|Any CPU
		{C008166D-A7E4-4B84-84AA-23DAB50070CA}.Debug|Any CPU.ActiveCfg = Debug|Any CPU
		{C008166D-A7E4-4B84-84AA-23DAB50070CA}.Debug|Any CPU.Build.0 = Debug|Any CPU
		{C008166D-A7E4-4B84-84AA-23DAB50070CA}.Debug|x64.ActiveCfg = Debug|Any CPU
		{C008166D-A7E4-4B84-84AA-23DAB50070CA}.Debug|x64.Build.0 = Debug|Any CPU
		{C008166D-A7E4-4B84-84AA-23DAB50070CA}.Debug|x86.ActiveCfg = Debug|Any CPU
		{C008166D-A7E4-4B84-84AA-23DAB50070CA}.Debug|x86.Build.0 = Debug|Any CPU
		{C008166D-A7E4-4B84-84AA-23DAB50070CA}.Release|Any CPU.ActiveCfg = Release|Any CPU
		{C008166D-A7E4-4B84-84AA-23DAB50070CA}.Release|Any CPU.Build.0 = Release|Any CPU
		{C008166D-A7E4-4B84-84AA-23DAB50070CA}.Release|x64.ActiveCfg = Release|Any CPU
		{C008166D-A7E4-4B84-84AA-23DAB50070CA}.Release|x64.Build.0 = Release|Any CPU
		{C008166D-A7E4-4B84-84AA-23DAB50070CA}.Release|x86.ActiveCfg = Release|Any CPU
		{C008166D-A7E4-4B84-84AA-23DAB50070CA}.Release|x86.Build.0 = Release|Any CPU
	EndGlobalSection
	GlobalSection(SolutionProperties) = preSolution
		HideSolutionNode = FALSE
	EndGlobalSection
	GlobalSection(NestedProjects) = preSolution
		{D911552F-E3FF-47CE-BC95-BA219A56F675} = {827E0CD3-B72D-47B6-A68D-7590B98EB39B}
		{32310839-566A-4B3E-BF55-5A417C91AB92} = {827E0CD3-B72D-47B6-A68D-7590B98EB39B}
		{C008166D-A7E4-4B84-84AA-23DAB50070CA} = {0AB3BF05-4346-4AA6-1389-037BE0695223}
	EndGlobalSection
EndGlobal
